
Microsoft Visual Studio Solution File, Format Version 12.00
# Visual Studio Version 16
VisualStudioVersion = 16.0.29009.5
MinimumVisualStudioVersion = 10.0.40219.1
Project("{FAE04EC0-301F-11D3-BF4B-00C04F79EFBC}") = "ElectricKettleSingleton", "ElectricKettleSingleton\ElectricKettleSingleton.csproj", "{2FEE0E4E-30F4-4136-99A6-7052CDCC4539}"
EndProject
Global
	GlobalSection(SolutionConfigurationPlatforms) = preSolution
		Debug|Any CPU = Debug|Any CPU
		Release|Any CPU = Release|Any CPU
	EndGlobalSection
	GlobalSection(ProjectConfigurationPlatforms) = postSolution
		{2FEE0E4E-30F4-4136-99A6-7052CDCC4539}.Debug|Any CPU.ActiveCfg = Debug|Any CPU
		{2FEE0E4E-30F4-4136-99A6-7052CDCC4539}.Debug|Any CPU.Build.0 = Debug|Any CPU
		{2FEE0E4E-30F4-4136-99A6-7052CDCC4539}.Release|Any CPU.ActiveCfg = Release|Any CPU
		{2FEE0E4E-30F4-4136-99A6-7052CDCC4539}.Release|Any CPU.Build.0 = Release|Any CPU
	EndGlobalSection
	GlobalSection(SolutionProperties) = preSolution
		HideSolutionNode = FALSE
	EndGlobalSection
	GlobalSection(ExtensibilityGlobals) = postSolution
		SolutionGuid = {65543FA8-9D6D-4509-82B0-42B0569F7DEF}
	EndGlobalSection
EndGlobal
